
Microsoft Visual Studio Solution File, Format Version 12.00
# Visual Studio 14
VisualStudioVersion = 14.0.24720.0
MinimumVisualStudioVersion = 10.0.40219.1
Project("{FAE04EC0-301F-11D3-BF4B-00C04F79EFBC}") = "Metarial", "DemoASP\Metarial.csproj", "{2345AB17-6E52-466F-9CF7-7EFF423A6CAE}"
EndProject
Project("{FAE04EC0-301F-11D3-BF4B-00C04F79EFBC}") = "Model", "Model\Model.csproj", "{29D0FD25-F7D8-458C-B0A9-FA1C68111D7E}"
EndProject
Global
	GlobalSection(SolutionConfigurationPlatforms) = preSolution
		Debug|Any CPU = Debug|Any CPU
		Release|Any CPU = Release|Any CPU
	EndGlobalSection
	GlobalSection(ProjectConfigurationPlatforms) = postSolution
		{2345AB17-6E52-466F-9CF7-7EFF423A6CAE}.Debug|Any CPU.ActiveCfg = Debug|Any CPU
		{2345AB17-6E52-466F-9CF7-7EFF423A6CAE}.Debug|Any CPU.Build.0 = Debug|Any CPU
		{2345AB17-6E52-466F-9CF7-7EFF423A6CAE}.Release|Any CPU.ActiveCfg = Release|Any CPU
		{2345AB17-6E52-466F-9CF7-7EFF423A6CAE}.Release|Any CPU.Build.0 = Release|Any CPU
		{29D0FD25-F7D8-458C-B0A9-FA1C68111D7E}.Debug|Any CPU.ActiveCfg = Debug|Any CPU
		{29D0FD25-F7D8-458C-B0A9-FA1C68111D7E}.Debug|Any CPU.Build.0 = Debug|Any CPU
		{29D0FD25-F7D8-458C-B0A9-FA1C68111D7E}.Release|Any CPU.ActiveCfg = Release|Any CPU
		{29D0FD25-F7D8-458C-B0A9-FA1C68111D7E}.Release|Any CPU.Build.0 = Release|Any CPU
	EndGlobalSection
	GlobalSection(SolutionProperties) = preSolution
		HideSolutionNode = FALSE
	EndGlobalSection
EndGlobal
